
Microsoft Visual Studio Solution File, Format Version 12.00
# Visual Studio Version 17
VisualStudioVersion = 17.0.31612.314
MinimumVisualStudioVersion = 10.0.40219.1
Project("{9A19103F-16F7-4668-BE54-9A1E7A4F7556}") = "API", "src\API\API.csproj", "{14561D6F-542A-400B-8FEE-EE816182BFB1}"
EndProject
Project("{9A19103F-16F7-4668-BE54-9A1E7A4F7556}") = "Domain", "src\Domain\Domain.csproj", "{DB16BDB3-54A8-4011-B03F-E4EFDCE99D7C}"
EndProject
Project("{9A19103F-16F7-4668-BE54-9A1E7A4F7556}") = "Application", "src\Application\Application.csproj", "{5D0A37B0-7725-457E-911A-C6E3D47B9EF9}"
EndProject
Project("{9A19103F-16F7-4668-BE54-9A1E7A4F7556}") = "Infrastructure", "src\Infrastructure\Infrastructure.csproj", "{EB954979-B4F2-4AB8-8038-7AC25817B02C}"
EndProject
Project("{2150E333-8FDC-42A3-9474-1A3956D46DE8}") = "Solution Items", "Solution Items", "{26083724-D345-4C3A-9B0A-A98CFB97C3EF}"
	ProjectSection(SolutionItems) = preProject
		.editorconfig = .editorconfig
		.gitignore = .gitignore
		.github\workflows\cicd.yaml = .github\workflows\cicd.yaml
		.github\workflows\codeql-analysis.yaml = .github\workflows\codeql-analysis.yaml
		.github\dependabot.yml = .github\dependabot.yml
		Directory.Build.props = Directory.Build.props
	EndProjectSection
EndProject
Project("{2150E333-8FDC-42A3-9474-1A3956D46DE8}") = "src", "src", "{1E4B503A-5E1C-4A00-AC8C-11277A934E8E}"
EndProject
Project("{2150E333-8FDC-42A3-9474-1A3956D46DE8}") = "tests", "tests", "{3336A76F-3EEF-457A-965C-D8A6443DA2CE}"
EndProject
Project("{9A19103F-16F7-4668-BE54-9A1E7A4F7556}") = "Application.UnitTests", "tests\Application.UnitTests\Application.UnitTests.csproj", "{5B493E2A-02A5-45F6-9807-09E7B4598928}"
EndProject
Project("{9A19103F-16F7-4668-BE54-9A1E7A4F7556}") = "Application.IntegrationTests", "tests\Application.IntegrationTests\Application.IntegrationTests.csproj", "{5BE7C2A1-6B06-481D-8077-2850329765A2}"
EndProject
Project("{9A19103F-16F7-4668-BE54-9A1E7A4F7556}") = "Infrastructure.UnitTests", "tests\Infrastructure.UnitTests\Infrastructure.UnitTests.csproj", "{CD94AC20-B1C3-41B1-B62A-5DABEDBEF8D3}"
EndProject
Global
	GlobalSection(SolutionConfigurationPlatforms) = preSolution
		Debug|Any CPU = Debug|Any CPU
		Release|Any CPU = Release|Any CPU
	EndGlobalSection
	GlobalSection(ProjectConfigurationPlatforms) = postSolution
		{14561D6F-542A-400B-8FEE-EE816182BFB1}.Debug|Any CPU.ActiveCfg = Debug|Any CPU
		{14561D6F-542A-400B-8FEE-EE816182BFB1}.Debug|Any CPU.Build.0 = Debug|Any CPU
		{14561D6F-542A-400B-8FEE-EE816182BFB1}.Release|Any CPU.ActiveCfg = Release|Any CPU
		{14561D6F-542A-400B-8FEE-EE816182BFB1}.Release|Any CPU.Build.0 = Release|Any CPU
		{DB16BDB3-54A8-4011-B03F-E4EFDCE99D7C}.Debug|Any CPU.ActiveCfg = Debug|Any CPU
		{DB16BDB3-54A8-4011-B03F-E4EFDCE99D7C}.Debug|Any CPU.Build.0 = Debug|Any CPU
		{DB16BDB3-54A8-4011-B03F-E4EFDCE99D7C}.Release|Any CPU.ActiveCfg = Release|Any CPU
		{DB16BDB3-54A8-4011-B03F-E4EFDCE99D7C}.Release|Any CPU.Build.0 = Release|Any CPU
		{5D0A37B0-7725-457E-911A-C6E3D47B9EF9}.Debug|Any CPU.ActiveCfg = Debug|Any CPU
		{5D0A37B0-7725-457E-911A-C6E3D47B9EF9}.Debug|Any CPU.Build.0 = Debug|Any CPU
		{5D0A37B0-7725-457E-911A-C6E3D47B9EF9}.Release|Any CPU.ActiveCfg = Release|Any CPU
		{5D0A37B0-7725-457E-911A-C6E3D47B9EF9}.Release|Any CPU.Build.0 = Release|Any CPU
		{EB954979-B4F2-4AB8-8038-7AC25817B02C}.Debug|Any CPU.ActiveCfg = Debug|Any CPU
		{EB954979-B4F2-4AB8-8038-7AC25817B02C}.Debug|Any CPU.Build.0 = Debug|Any CPU
		{EB954979-B4F2-4AB8-8038-7AC25817B02C}.Release|Any CPU.ActiveCfg = Release|Any CPU
		{EB954979-B4F2-4AB8-8038-7AC25817B02C}.Release|Any CPU.Build.0 = Release|Any CPU
		{5B493E2A-02A5-45F6-9807-09E7B4598928}.Debug|Any CPU.ActiveCfg = Debug|Any CPU
		{5B493E2A-02A5-45F6-9807-09E7B4598928}.Debug|Any CPU.Build.0 = Debug|Any CPU
		{5B493E2A-02A5-45F6-9807-09E7B4598928}.Release|Any CPU.ActiveCfg = Release|Any CPU
		{5B493E2A-02A5-45F6-9807-09E7B4598928}.Release|Any CPU.Build.0 = Release|Any CPU
		{5BE7C2A1-6B06-481D-8077-2850329765A2}.Debug|Any CPU.ActiveCfg = Debug|Any CPU
		{5BE7C2A1-6B06-481D-8077-2850329765A2}.Debug|Any CPU.Build.0 = Debug|Any CPU
		{5BE7C2A1-6B06-481D-8077-2850329765A2}.Release|Any CPU.ActiveCfg = Release|Any CPU
		{5BE7C2A1-6B06-481D-8077-2850329765A2}.Release|Any CPU.Build.0 = Release|Any CPU
		{CD94AC20-B1C3-41B1-B62A-5DABEDBEF8D3}.Debug|Any CPU.ActiveCfg = Debug|Any CPU
		{CD94AC20-B1C3-41B1-B62A-5DABEDBEF8D3}.Debug|Any CPU.Build.0 = Debug|Any CPU
		{CD94AC20-B1C3-41B1-B62A-5DABEDBEF8D3}.Release|Any CPU.ActiveCfg = Release|Any CPU
		{CD94AC20-B1C3-41B1-B62A-5DABEDBEF8D3}.Release|Any CPU.Build.0 = Release|Any CPU
	EndGlobalSection
	GlobalSection(SolutionProperties) = preSolution
		HideSolutionNode = FALSE
	EndGlobalSection
	GlobalSection(NestedProjects) = preSolution
		{14561D6F-542A-400B-8FEE-EE816182BFB1} = {1E4B503A-5E1C-4A00-AC8C-11277A934E8E}
		{DB16BDB3-54A8-4011-B03F-E4EFDCE99D7C} = {1E4B503A-5E1C-4A00-AC8C-11277A934E8E}
		{5D0A37B0-7725-457E-911A-C6E3D47B9EF9} = {1E4B503A-5E1C-4A00-AC8C-11277A934E8E}
		{EB954979-B4F2-4AB8-8038-7AC25817B02C} = {1E4B503A-5E1C-4A00-AC8C-11277A934E8E}
		{5B493E2A-02A5-45F6-9807-09E7B4598928} = {3336A76F-3EEF-457A-965C-D8A6443DA2CE}
		{5BE7C2A1-6B06-481D-8077-2850329765A2} = {3336A76F-3EEF-457A-965C-D8A6443DA2CE}
		{CD94AC20-B1C3-41B1-B62A-5DABEDBEF8D3} = {3336A76F-3EEF-457A-965C-D8A6443DA2CE}
	EndGlobalSection
	GlobalSection(ExtensibilityGlobals) = postSolution
		SolutionGuid = {9674396D-4833-48BB-BE3D-6A9AEA5E9DA4}
	EndGlobalSection
EndGlobal
